{
  "name": "daily-planter",
  "version": "1.0.0",
  "lockfileVersion": 1,
  "requires": true,
  "dependencies": {
    "requirejs": {
      "version": "2.3.6",
      "resolved": "https://registry.npmjs.org/requirejs/-/requirejs-2.3.6.tgz",
      "integrity": "sha512-ipEzlWQe6RK3jkzikgCupiTbTvm4S0/CAU5GlgptkN5SO6F3u0UD0K18wy6ErDqiCyP4J4YYe1HuAShvsxePLg=="
    },
    "sentiment": {
      "version": "5.0.1",
      "resolved": "https://registry.npmjs.org/sentiment/-/sentiment-5.0.1.tgz",
      "integrity": "sha512-MSYs0mZKrBSsRTzou2hKlWuM6jQAm0AtFqAVtaRlqxjaxCTlVwTMz65VDeW9ov3aCcPM0Cvxcn5JnBo1mtreqg=="
    }
  }
}
